
Microsoft Visual Studio Solution File, Format Version 12.00
# Visual Studio Version 17
VisualStudioVersion = 17.1.32319.34
MinimumVisualStudioVersion = 10.0.40219.1
Project("{9A19103F-16F7-4668-BE54-9A1E7A4F7556}") = "FarmaciaOnline.Web", "FarmaciaOnline.Web\FarmaciaOnline.Web.csproj", "{D08D8CD7-0F7E-4F3C-8A4B-6B1A1346D8A2}"
EndProject
Global
	GlobalSection(SolutionConfigurationPlatforms) = preSolution
		Debug|Any CPU = Debug|Any CPU
		Release|Any CPU = Release|Any CPU
	EndGlobalSection
	GlobalSection(ProjectConfigurationPlatforms) = postSolution
		{D08D8CD7-0F7E-4F3C-8A4B-6B1A1346D8A2}.Debug|Any CPU.ActiveCfg = Debug|Any CPU
		{D08D8CD7-0F7E-4F3C-8A4B-6B1A1346D8A2}.Debug|Any CPU.Build.0 = Debug|Any CPU
		{D08D8CD7-0F7E-4F3C-8A4B-6B1A1346D8A2}.Release|Any CPU.ActiveCfg = Release|Any CPU
		{D08D8CD7-0F7E-4F3C-8A4B-6B1A1346D8A2}.Release|Any CPU.Build.0 = Release|Any CPU
	EndGlobalSection
	GlobalSection(SolutionProperties) = preSolution
		HideSolutionNode = FALSE
	EndGlobalSection
	GlobalSection(ExtensibilityGlobals) = postSolution
		SolutionGuid = {A4CA90B0-CA06-4531-8AE7-B97DCF48BA9F}
	EndGlobalSection
EndGlobal
